
Microsoft Visual Studio Solution File, Format Version 12.00
# Visual Studio 15
VisualStudioVersion = 15.0.28307.168
MinimumVisualStudioVersion = 10.0.40219.1
Project("{FAE04EC0-301F-11D3-BF4B-00C04F79EFBC}") = "AbstractFabric", "AbstractFabric\AbstractFabric.csproj", "{4D1BBE03-5DAB-434E-9B77-48AD62A6C653}"
EndProject
Global
	GlobalSection(SolutionConfigurationPlatforms) = preSolution
		Debug|Any CPU = Debug|Any CPU
		Release|Any CPU = Release|Any CPU
	EndGlobalSection
	GlobalSection(ProjectConfigurationPlatforms) = postSolution
		{4D1BBE03-5DAB-434E-9B77-48AD62A6C653}.Debug|Any CPU.ActiveCfg = Debug|Any CPU
		{4D1BBE03-5DAB-434E-9B77-48AD62A6C653}.Debug|Any CPU.Build.0 = Debug|Any CPU
		{4D1BBE03-5DAB-434E-9B77-48AD62A6C653}.Release|Any CPU.ActiveCfg = Release|Any CPU
		{4D1BBE03-5DAB-434E-9B77-48AD62A6C653}.Release|Any CPU.Build.0 = Release|Any CPU
	EndGlobalSection
	GlobalSection(SolutionProperties) = preSolution
		HideSolutionNode = FALSE
	EndGlobalSection
	GlobalSection(ExtensibilityGlobals) = postSolution
		SolutionGuid = {D0133684-25CF-447D-BCC0-CC100BFAA470}
	EndGlobalSection
EndGlobal
